
Microsoft Visual Studio Solution File, Format Version 12.00
Project("{FAE04EC0-301F-11D3-BF4B-00C04F79EFBC}") = "VideoStreamShare", "VideoStreamShare\VideoStreamShare.csproj", "{764AD5CB-9D4D-4541-807F-8FC570903388}"
EndProject
Global
	GlobalSection(SolutionConfigurationPlatforms) = preSolution
		Debug|Any CPU = Debug|Any CPU
		Release|Any CPU = Release|Any CPU
	EndGlobalSection
	GlobalSection(ProjectConfigurationPlatforms) = postSolution
		{764AD5CB-9D4D-4541-807F-8FC570903388}.Debug|Any CPU.ActiveCfg = Debug|Any CPU
		{764AD5CB-9D4D-4541-807F-8FC570903388}.Debug|Any CPU.Build.0 = Debug|Any CPU
		{764AD5CB-9D4D-4541-807F-8FC570903388}.Release|Any CPU.ActiveCfg = Release|Any CPU
		{764AD5CB-9D4D-4541-807F-8FC570903388}.Release|Any CPU.Build.0 = Release|Any CPU
	EndGlobalSection
EndGlobal
